
Microsoft Visual Studio Solution File, Format Version 12.00
# Visual Studio Version 17
VisualStudioVersion = 17.9.34622.214
MinimumVisualStudioVersion = 10.0.40219.1
Project("{FAE04EC0-301F-11D3-BF4B-00C04F79EFBC}") = "CodePulse.API", "CodePulse.API\CodePulse.API.csproj", "{55EBD8ED-0113-42F4-853B-C9B7FC5998A3}"
EndProject
Global
	GlobalSection(SolutionConfigurationPlatforms) = preSolution
		Debug|Any CPU = Debug|Any CPU
		Release|Any CPU = Release|Any CPU
	EndGlobalSection
	GlobalSection(ProjectConfigurationPlatforms) = postSolution
		{55EBD8ED-0113-42F4-853B-C9B7FC5998A3}.Debug|Any CPU.ActiveCfg = Debug|Any CPU
		{55EBD8ED-0113-42F4-853B-C9B7FC5998A3}.Debug|Any CPU.Build.0 = Debug|Any CPU
		{55EBD8ED-0113-42F4-853B-C9B7FC5998A3}.Release|Any CPU.ActiveCfg = Release|Any CPU
		{55EBD8ED-0113-42F4-853B-C9B7FC5998A3}.Release|Any CPU.Build.0 = Release|Any CPU
	EndGlobalSection
	GlobalSection(SolutionProperties) = preSolution
		HideSolutionNode = FALSE
	EndGlobalSection
	GlobalSection(ExtensibilityGlobals) = postSolution
		SolutionGuid = {0CF02D0A-9DB0-4A56-8CBD-441BA9374F73}
	EndGlobalSection
EndGlobal
